
Microsoft Visual Studio Solution File, Format Version 12.00
# Visual Studio Version 17
VisualStudioVersion = 17.14.36221.1 d17.14
MinimumVisualStudioVersion = 10.0.40219.1
Project("{FAE04EC0-301F-11D3-BF4B-00C04F79EFBC}") = "Task47", "Task47\Task47.csproj", "{D1C6A8F2-5E8A-4DFA-8EE6-662B235B138F}"
EndProject
Global
	GlobalSection(SolutionConfigurationPlatforms) = preSolution
		Debug|Any CPU = Debug|Any CPU
		Release|Any CPU = Release|Any CPU
	EndGlobalSection
	GlobalSection(ProjectConfigurationPlatforms) = postSolution
		{D1C6A8F2-5E8A-4DFA-8EE6-662B235B138F}.Debug|Any CPU.ActiveCfg = Debug|Any CPU
		{D1C6A8F2-5E8A-4DFA-8EE6-662B235B138F}.Debug|Any CPU.Build.0 = Debug|Any CPU
		{D1C6A8F2-5E8A-4DFA-8EE6-662B235B138F}.Release|Any CPU.ActiveCfg = Release|Any CPU
		{D1C6A8F2-5E8A-4DFA-8EE6-662B235B138F}.Release|Any CPU.Build.0 = Release|Any CPU
	EndGlobalSection
	GlobalSection(SolutionProperties) = preSolution
		HideSolutionNode = FALSE
	EndGlobalSection
	GlobalSection(ExtensibilityGlobals) = postSolution
		SolutionGuid = {6D6A2F98-E4AA-48FD-BE42-4307B6F0F6C4}
	EndGlobalSection
EndGlobal
