
Microsoft Visual Studio Solution File, Format Version 12.00
# Visual Studio Version 17
VisualStudioVersion = 17.14.36221.1
MinimumVisualStudioVersion = 10.0.40219.1
Project("{FAE04EC0-301F-11D3-BF4B-00C04F79EFBC}") = "Task44", "JoVision Backend tasks\Task44.csproj", "{7006F186-77F4-452A-9DA5-9B5F6BE34F0E}"
EndProject
Global
	GlobalSection(SolutionConfigurationPlatforms) = preSolution
		Debug|Any CPU = Debug|Any CPU
		Release|Any CPU = Release|Any CPU
	EndGlobalSection
	GlobalSection(ProjectConfigurationPlatforms) = postSolution
		{7006F186-77F4-452A-9DA5-9B5F6BE34F0E}.Debug|Any CPU.ActiveCfg = Debug|Any CPU
		{7006F186-77F4-452A-9DA5-9B5F6BE34F0E}.Debug|Any CPU.Build.0 = Debug|Any CPU
		{7006F186-77F4-452A-9DA5-9B5F6BE34F0E}.Release|Any CPU.ActiveCfg = Release|Any CPU
		{7006F186-77F4-452A-9DA5-9B5F6BE34F0E}.Release|Any CPU.Build.0 = Release|Any CPU
	EndGlobalSection
	GlobalSection(SolutionProperties) = preSolution
		HideSolutionNode = FALSE
	EndGlobalSection
	GlobalSection(ExtensibilityGlobals) = postSolution
		SolutionGuid = {94C05C85-86F3-4136-82EC-0BA410AE2B4A}
	EndGlobalSection
EndGlobal
